
Microsoft Visual Studio Solution File, Format Version 12.00
# Visual Studio 14
VisualStudioVersion = 14.0.22823.1
MinimumVisualStudioVersion = 10.0.40219.1
Project("{2150E333-8FDC-42A3-9474-1A3956D46DE8}") = "src", "src", "{C0B0E756-4817-4B83-B58D-C643FDF32BAE}"
EndProject
Project("{2150E333-8FDC-42A3-9474-1A3956D46DE8}") = "Solution Items", "Solution Items", "{E56209E8-990B-4374-A04B-336C3A1FF9D4}"
	ProjectSection(SolutionItems) = preProject
		global.json = global.json
	EndProjectSection
EndProject
Project("{8BB2217D-0F2D-49D1-97BC-3654ED321F3B}") = "CustomPortHttps", "src\CustomPortHttps\CustomPortHttps.xproj", "{F216DE0E-BA88-4029-BCA1-6E4760018197}"
EndProject
Global
	GlobalSection(SolutionConfigurationPlatforms) = preSolution
		Debug|Any CPU = Debug|Any CPU
		Release|Any CPU = Release|Any CPU
	EndGlobalSection
	GlobalSection(ProjectConfigurationPlatforms) = postSolution
		{F216DE0E-BA88-4029-BCA1-6E4760018197}.Debug|Any CPU.ActiveCfg = Debug|Any CPU
		{F216DE0E-BA88-4029-BCA1-6E4760018197}.Debug|Any CPU.Build.0 = Debug|Any CPU
		{F216DE0E-BA88-4029-BCA1-6E4760018197}.Release|Any CPU.ActiveCfg = Release|Any CPU
		{F216DE0E-BA88-4029-BCA1-6E4760018197}.Release|Any CPU.Build.0 = Release|Any CPU
	EndGlobalSection
	GlobalSection(SolutionProperties) = preSolution
		HideSolutionNode = FALSE
	EndGlobalSection
	GlobalSection(NestedProjects) = preSolution
		{F216DE0E-BA88-4029-BCA1-6E4760018197} = {C0B0E756-4817-4B83-B58D-C643FDF32BAE}
	EndGlobalSection
EndGlobal
